
Microsoft Visual Studio Solution File, Format Version 12.00
# Visual Studio Version 17
VisualStudioVersion = 17.0.31919.166
MinimumVisualStudioVersion = 10.0.40219.1
Project("{9A19103F-16F7-4668-BE54-9A1E7A4F7556}") = "CodeBetter.CodeFaster", "CodeBetter.CodeFaster\CodeBetter.CodeFaster.csproj", "{B7B87CBF-E1D3-4286-9333-C7A774887585}"
	ProjectSection(ProjectDependencies) = postProject
		{6461A711-57AE-4DA6-BF23-2EE2D83D6D6F} = {6461A711-57AE-4DA6-BF23-2EE2D83D6D6F}
		{A75FEBD8-4681-49D7-8A61-B83636D9259B} = {A75FEBD8-4681-49D7-8A61-B83636D9259B}
	EndProjectSection
EndProject
Project("{9A19103F-16F7-4668-BE54-9A1E7A4F7556}") = "Services", "Services\Services.csproj", "{A75FEBD8-4681-49D7-8A61-B83636D9259B}"
EndProject
Project("{9A19103F-16F7-4668-BE54-9A1E7A4F7556}") = "Models", "Models\Models.csproj", "{6461A711-57AE-4DA6-BF23-2EE2D83D6D6F}"
EndProject
Global
	GlobalSection(SolutionConfigurationPlatforms) = preSolution
		Debug|Any CPU = Debug|Any CPU
		Release|Any CPU = Release|Any CPU
	EndGlobalSection
	GlobalSection(ProjectConfigurationPlatforms) = postSolution
		{B7B87CBF-E1D3-4286-9333-C7A774887585}.Debug|Any CPU.ActiveCfg = Debug|Any CPU
		{B7B87CBF-E1D3-4286-9333-C7A774887585}.Debug|Any CPU.Build.0 = Debug|Any CPU
		{B7B87CBF-E1D3-4286-9333-C7A774887585}.Release|Any CPU.ActiveCfg = Release|Any CPU
		{B7B87CBF-E1D3-4286-9333-C7A774887585}.Release|Any CPU.Build.0 = Release|Any CPU
		{A75FEBD8-4681-49D7-8A61-B83636D9259B}.Debug|Any CPU.ActiveCfg = Debug|Any CPU
		{A75FEBD8-4681-49D7-8A61-B83636D9259B}.Debug|Any CPU.Build.0 = Debug|Any CPU
		{A75FEBD8-4681-49D7-8A61-B83636D9259B}.Release|Any CPU.ActiveCfg = Release|Any CPU
		{A75FEBD8-4681-49D7-8A61-B83636D9259B}.Release|Any CPU.Build.0 = Release|Any CPU
		{6461A711-57AE-4DA6-BF23-2EE2D83D6D6F}.Debug|Any CPU.ActiveCfg = Debug|Any CPU
		{6461A711-57AE-4DA6-BF23-2EE2D83D6D6F}.Debug|Any CPU.Build.0 = Debug|Any CPU
		{6461A711-57AE-4DA6-BF23-2EE2D83D6D6F}.Release|Any CPU.ActiveCfg = Release|Any CPU
		{6461A711-57AE-4DA6-BF23-2EE2D83D6D6F}.Release|Any CPU.Build.0 = Release|Any CPU
	EndGlobalSection
	GlobalSection(SolutionProperties) = preSolution
		HideSolutionNode = FALSE
	EndGlobalSection
	GlobalSection(ExtensibilityGlobals) = postSolution
		SolutionGuid = {CAB2CB73-95D8-4556-BB12-11D78B7C6A7F}
	EndGlobalSection
EndGlobal
